
Microsoft Visual Studio Solution File, Format Version 12.00
# Visual Studio Version 17
VisualStudioVersion = 17.14.36429.23 d17.14
MinimumVisualStudioVersion = 10.0.40219.1
Project("{FAE04EC0-301F-11D3-BF4B-00C04F79EFBC}") = "Mhunter", "Mhunter\Mhunter.csproj", "{7C02912B-1396-45CA-9244-763464FECAAD}"
EndProject
Global
	GlobalSection(SolutionConfigurationPlatforms) = preSolution
		Debug|Any CPU = Debug|Any CPU
		Release|Any CPU = Release|Any CPU
	EndGlobalSection
	GlobalSection(ProjectConfigurationPlatforms) = postSolution
		{7C02912B-1396-45CA-9244-763464FECAAD}.Debug|Any CPU.ActiveCfg = Debug|Any CPU
		{7C02912B-1396-45CA-9244-763464FECAAD}.Debug|Any CPU.Build.0 = Debug|Any CPU
		{7C02912B-1396-45CA-9244-763464FECAAD}.Release|Any CPU.ActiveCfg = Release|Any CPU
		{7C02912B-1396-45CA-9244-763464FECAAD}.Release|Any CPU.Build.0 = Release|Any CPU
	EndGlobalSection
	GlobalSection(SolutionProperties) = preSolution
		HideSolutionNode = FALSE
	EndGlobalSection
	GlobalSection(ExtensibilityGlobals) = postSolution
		SolutionGuid = {6BED1E83-9332-43A2-8172-6BB5E8AE39AA}
	EndGlobalSection
EndGlobal
